{
  "requires": true,
  "lockfileVersion": 1,
  "dependencies": {
    "@angular/cdk": {
      "version": "11.2.7",
      "resolved": "https://registry.npmjs.org/@angular/cdk/-/cdk-11.2.7.tgz",
      "integrity": "sha512-18h7dyXHl/h+rsXFoNpqxiFCDhqewXVPpLG/WWeiFXKdtHeIk1yzfoSjo7nBzclicFFN/A+M2IQSIt21doJ0aA==",
      "requires": {
        "parse5": "^5.0.0",
        "tslib": "^2.0.0"
      }
    },
    "angular-bootstrap-md": {
      "version": "11.0.0",
      "resolved": "https://registry.npmjs.org/angular-bootstrap-md/-/angular-bootstrap-md-11.0.0.tgz",
      "integrity": "sha512-Uwp3MxKDsqK6sS9s+3ffXCqo363C1H0XP23yoiPchybwNT5ZlqQP15Wvpge6228NX64MtmBqnZzRzH6UyTw1RA==",
      "requires": {
        "tslib": "^2.0.0"
      }
    },
    "parse5": {
      "version": "5.1.1",
      "resolved": "https://registry.npmjs.org/parse5/-/parse5-5.1.1.tgz",
      "integrity": "sha512-ugq4DFI0Ptb+WWjAdOK16+u/nHfiIrcE+sh8kZMaM0WllQKLI9rOUq6c2b7cwPkXdzfQESqvoqK6ug7U/Yyzug=="
    },
    "tslib": {
      "version": "2.1.0",
      "resolved": "https://registry.npmjs.org/tslib/-/tslib-2.1.0.tgz",
      "integrity": "sha512-hcVC3wYEziELGGmEEXue7D75zbwIIVUMWAVbHItGPx0ziyXxrOMQx4rQEVEV45Ut/1IotuEvwqPopzIOkDMf0A=="
    }
  }
}
